
Microsoft Visual Studio Solution File, Format Version 12.00
# Visual Studio 15
VisualStudioVersion = 15.0.26228.9
MinimumVisualStudioVersion = 10.0.40219.1
Project("{FAE04EC0-301F-11D3-BF4B-00C04F79EFBC}") = "InterestPointMultiDim", "InterestPointMultiDim\InterestPointMultiDim.csproj", "{11D337AD-CE64-436C-819F-009E25487CFE}"
EndProject
Project("{FAE04EC0-301F-11D3-BF4B-00C04F79EFBC}") = "Testing", "Testing\Testing.csproj", "{5065E35A-3D4B-4901-A2E5-B783E6FFB59C}"
EndProject
Global
	GlobalSection(SolutionConfigurationPlatforms) = preSolution
		Debug|Any CPU = Debug|Any CPU
		Release|Any CPU = Release|Any CPU
	EndGlobalSection
	GlobalSection(ProjectConfigurationPlatforms) = postSolution
		{11D337AD-CE64-436C-819F-009E25487CFE}.Debug|Any CPU.ActiveCfg = Debug|Any CPU
		{11D337AD-CE64-436C-819F-009E25487CFE}.Debug|Any CPU.Build.0 = Debug|Any CPU
		{11D337AD-CE64-436C-819F-009E25487CFE}.Release|Any CPU.ActiveCfg = Release|Any CPU
		{11D337AD-CE64-436C-819F-009E25487CFE}.Release|Any CPU.Build.0 = Release|Any CPU
		{5065E35A-3D4B-4901-A2E5-B783E6FFB59C}.Debug|Any CPU.ActiveCfg = Debug|Any CPU
		{5065E35A-3D4B-4901-A2E5-B783E6FFB59C}.Debug|Any CPU.Build.0 = Debug|Any CPU
		{5065E35A-3D4B-4901-A2E5-B783E6FFB59C}.Release|Any CPU.ActiveCfg = Release|Any CPU
		{5065E35A-3D4B-4901-A2E5-B783E6FFB59C}.Release|Any CPU.Build.0 = Release|Any CPU
	EndGlobalSection
	GlobalSection(SolutionProperties) = preSolution
		HideSolutionNode = FALSE
	EndGlobalSection
EndGlobal
